{
  "requires": true,
  "lockfileVersion": 1,
  "dependencies": {
    "@ngrx/core": {
      "version": "1.2.0",
      "resolved": "https://registry.npmjs.org/@ngrx/core/-/core-1.2.0.tgz",
      "integrity": "sha1-iCtGq6+i4ObYh8txobLC+j5tDcY="
    },
    "@ngrx/store": {
      "version": "11.0.1",
      "resolved": "https://registry.npmjs.org/@ngrx/store/-/store-11.0.1.tgz",
      "integrity": "sha512-ULk+z7fXg1S0mbSXatHplvg8Rqj9Hglo6pVugaDgLdFR3DD5Wpl0cefvLBscaeZF9DGrLBoPZVlFq/LACRr6tA==",
      "requires": {
        "tslib": "^2.0.0"
      }
    },
    "tslib": {
      "version": "2.1.0",
      "resolved": "https://registry.npmjs.org/tslib/-/tslib-2.1.0.tgz",
      "integrity": "sha512-hcVC3wYEziELGGmEEXue7D75zbwIIVUMWAVbHItGPx0ziyXxrOMQx4rQEVEV45Ut/1IotuEvwqPopzIOkDMf0A=="
    }
  }
}
